
Microsoft Visual Studio Solution File, Format Version 12.00
# Visual Studio Version 17
VisualStudioVersion = 17.7.34018.315
MinimumVisualStudioVersion = 10.0.40219.1
Project("{8BC9CEB8-8B4A-11D0-8D11-00A0C91BC942}") = "BOJ_14890", "BOJ_14890\BOJ_14890.vcxproj", "{775256DD-DFA5-4D52-B3A5-D10FD81B4452}"
EndProject
Global
	GlobalSection(SolutionConfigurationPlatforms) = preSolution
		Debug|x64 = Debug|x64
		Release|x64 = Release|x64
	EndGlobalSection
	GlobalSection(ProjectConfigurationPlatforms) = postSolution
		{775256DD-DFA5-4D52-B3A5-D10FD81B4452}.Debug|x64.ActiveCfg = Debug|x64
		{775256DD-DFA5-4D52-B3A5-D10FD81B4452}.Debug|x64.Build.0 = Debug|x64
		{775256DD-DFA5-4D52-B3A5-D10FD81B4452}.Release|x64.ActiveCfg = Release|x64
		{775256DD-DFA5-4D52-B3A5-D10FD81B4452}.Release|x64.Build.0 = Release|x64
	EndGlobalSection
	GlobalSection(SolutionProperties) = preSolution
		HideSolutionNode = FALSE
	EndGlobalSection
	GlobalSection(ExtensibilityGlobals) = postSolution
		SolutionGuid = {73AB9731-FC85-4A87-9A47-244557E0FAFB}
	EndGlobalSection
EndGlobal
